{
    "_meta": {
        "hash": {
            "sha256": "89b92cc78295e6fa89719a46f97ca246765ebbd868c866424f97bbc3562729e2"
        },
        "pipfile-spec": 6,
        "requires": {
            "python_version": "3.6"
        },
        "sources": [
            {
                "name": "pypi",
                "url": "https://pypi.org/simple",
                "verify_ssl": true
            }
        ]
    },
    "default": {
        "babel": {
            "hashes": [
                "sha256:1aac2ae2d0d8ea368fa90906567f5c08463d98ade155c0c4bfedd6a0f7160e38",
                "sha256:d670ea0b10f8b723672d3a6abeb87b565b244da220d76b4dba1b66269ec152d4"
            ],
            "index": "pypi",
            "version": "==2.8.0"
        },
        "bootstrap-flask": {
            "hashes": [
                "sha256:d03c738f5377dbe7ecce010e28afcc0fb8373c4c9d01f8590af7657b53342c1d",
                "sha256:ed817e82acadac4c8b3fc2d1a310325b6ed395d13b0f6ca9d14e1742f880e685"
            ],
            "index": "pypi",
            "version": "==1.2.0"
        },
        "click": {
            "hashes": [
                "sha256:2335065e6395b9e67ca716de5f7526736bfa6ceead690adf616d925bdc622b13",
                "sha256:5b94b49521f6456670fdb30cd82a4eca9412788a93fa6dd6df72c94d5a8ff2d7"
            ],
            "version": "==7.0"
        },
        "flask": {
            "hashes": [
                "sha256:13f9f196f330c7c2c5d7a5cf91af894110ca0215ac051b5844701f2bfd934d52",
                "sha256:45eb5a6fd193d6cf7e0cf5d8a5b31f83d5faae0293695626f539a823e93b13f6"
            ],
            "index": "pypi",
            "version": "==1.1.1"
        },
        "flask-babel": {
            "hashes": [
                "sha256:316ad183e42003f3922957fa643d0a1e8e34a0f0301a88c3a8f605bc37ba5c86"
            ],
            "version": "==0.12.2"
        },
        "flask-babelex": {
            "hashes": [
                "sha256:cf79cdedb5ce860166120136b0e059e9d97b8df07a3bc2411f6243de04b754b4"
            ],
            "index": "pypi",
            "version": "==0.9.3"
        },
        "flask-wiki": {
            "editable": true,
            "path": "."
        },
        "flask-wtf": {
            "hashes": [
                "sha256:5d14d55cfd35f613d99ee7cba0fc3fbbe63ba02f544d349158c14ca15561cc36",
                "sha256:d9a9e366b32dcbb98ef17228e76be15702cd2600675668bca23f63a7947fd5ac"
            ],
            "index": "pypi",
            "version": "==0.14.2"
        },
        "itsdangerous": {
            "hashes": [
                "sha256:321b033d07f2a4136d3ec762eac9f16a10ccd60f53c0c91af90217ace7ba1f19",
                "sha256:b12271b2047cb23eeb98c8b5622e2e5c5e9abd9784a153e9d8ef9cb4dd09d749"
            ],
            "version": "==1.1.0"
        },
        "jinja2": {
            "hashes": [
                "sha256:93187ffbc7808079673ef52771baa950426fd664d3aad1d0fa3e95644360e250",
                "sha256:b0eaf100007721b5c16c1fc1eecb87409464edc10469ddc9a22a27a99123be49"
            ],
            "version": "==2.11.1"
        },
        "markdown": {
            "hashes": [
                "sha256:2e50876bcdd74517e7b71f3e7a76102050edec255b3983403f1a63e7c8a41e7a",
                "sha256:56a46ac655704b91e5b7e6326ce43d5ef72411376588afa1dd90e881b83c7e8c"
            ],
            "index": "pypi",
            "version": "==3.1.1"
        },
        "markupsafe": {
            "hashes": [
                "sha256:00bc623926325b26bb9605ae9eae8a215691f33cae5df11ca5424f06f2d1f473",
                "sha256:09027a7803a62ca78792ad89403b1b7a73a01c8cb65909cd876f7fcebd79b161",
                "sha256:09c4b7f37d6c648cb13f9230d847adf22f8171b1ccc4d5682398e77f40309235",
                "sha256:1027c282dad077d0bae18be6794e6b6b8c91d58ed8a8d89a89d59693b9131db5",
                "sha256:13d3144e1e340870b25e7b10b98d779608c02016d5184cfb9927a9f10c689f42",
                "sha256:24982cc2533820871eba85ba648cd53d8623687ff11cbb805be4ff7b4c971aff",
                "sha256:29872e92839765e546828bb7754a68c418d927cd064fd4708fab9fe9c8bb116b",
                "sha256:43a55c2930bbc139570ac2452adf3d70cdbb3cfe5912c71cdce1c2c6bbd9c5d1",
                "sha256:46c99d2de99945ec5cb54f23c8cd5689f6d7177305ebff350a58ce5f8de1669e",
                "sha256:500d4957e52ddc3351cabf489e79c91c17f6e0899158447047588650b5e69183",
                "sha256:535f6fc4d397c1563d08b88e485c3496cf5784e927af890fb3c3aac7f933ec66",
                "sha256:596510de112c685489095da617b5bcbbac7dd6384aeebeda4df6025d0256a81b",
                "sha256:62fe6c95e3ec8a7fad637b7f3d372c15ec1caa01ab47926cfdf7a75b40e0eac1",
                "sha256:6788b695d50a51edb699cb55e35487e430fa21f1ed838122d722e0ff0ac5ba15",
                "sha256:6dd73240d2af64df90aa7c4e7481e23825ea70af4b4922f8ede5b9e35f78a3b1",
                "sha256:717ba8fe3ae9cc0006d7c451f0bb265ee07739daf76355d06366154ee68d221e",
                "sha256:79855e1c5b8da654cf486b830bd42c06e8780cea587384cf6545b7d9ac013a0b",
                "sha256:7c1699dfe0cf8ff607dbdcc1e9b9af1755371f92a68f706051cc8c37d447c905",
                "sha256:88e5fcfb52ee7b911e8bb6d6aa2fd21fbecc674eadd44118a9cc3863f938e735",
                "sha256:8defac2f2ccd6805ebf65f5eeb132adcf2ab57aa11fdf4c0dd5169a004710e7d",
                "sha256:98c7086708b163d425c67c7a91bad6e466bb99d797aa64f965e9d25c12111a5e",
                "sha256:9add70b36c5666a2ed02b43b335fe19002ee5235efd4b8a89bfcf9005bebac0d",
                "sha256:9bf40443012702a1d2070043cb6291650a0841ece432556f784f004937f0f32c",
                "sha256:ade5e387d2ad0d7ebf59146cc00c8044acbd863725f887353a10df825fc8ae21",
                "sha256:b00c1de48212e4cc9603895652c5c410df699856a2853135b3967591e4beebc2",
                "sha256:b1282f8c00509d99fef04d8ba936b156d419be841854fe901d8ae224c59f0be5",
                "sha256:b2051432115498d3562c084a49bba65d97cf251f5a331c64a12ee7e04dacc51b",
                "sha256:ba59edeaa2fc6114428f1637ffff42da1e311e29382d81b339c1817d37ec93c6",
                "sha256:c8716a48d94b06bb3b2524c2b77e055fb313aeb4ea620c8dd03a105574ba704f",
                "sha256:cd5df75523866410809ca100dc9681e301e3c27567cf498077e8551b6d20e42f",
                "sha256:cdb132fc825c38e1aeec2c8aa9338310d29d337bebbd7baa06889d09a60a1fa2",
                "sha256:e249096428b3ae81b08327a63a485ad0878de3fb939049038579ac0ef61e17e7",
                "sha256:e8313f01ba26fbbe36c7be1966a7b7424942f670f38e666995b88d012765b9be"
            ],
            "version": "==1.1.1"
        },
        "pytz": {
            "hashes": [
                "sha256:1c557d7d0e871de1f5ccd5833f60fb2550652da6be2693c1e02300743d21500d",
                "sha256:b02c06db6cf09c12dd25137e563b31700d3b80fcc4ad23abb7a315f2789819be"
            ],
            "version": "==2019.3"
        },
        "speaklater": {
            "hashes": [
                "sha256:59fea336d0eed38c1f0bf3181ee1222d0ef45f3a9dd34ebe65e6bfffdd6a65a9"
            ],
            "version": "==1.3"
        },
        "werkzeug": {
            "hashes": [
                "sha256:1e0dedc2acb1f46827daa2e399c1485c8fa17c0d8e70b6b875b4e7f54bf408d2",
                "sha256:b353856d37dec59d6511359f97f6a4b2468442e454bd1c98298ddce53cac1f04"
            ],
            "version": "==0.16.1"
        },
        "wtforms": {
            "hashes": [
                "sha256:0cdbac3e7f6878086c334aa25dc5a33869a3954e9d1e015130d65a69309b3b61",
                "sha256:e3ee092c827582c50877cdbd49e9ce6d2c5c1f6561f849b3b068c1b8029626f1"
            ],
            "version": "==2.2.1"
        }
    },
    "develop": {
        "appnope": {
            "hashes": [
                "sha256:5b26757dc6f79a3b7dc9fab95359328d5747fcb2409d331ea66d0272b90ab2a0",
                "sha256:8b995ffe925347a2138d7ac0fe77155e4311a0ea6d6da4f5128fe4b3cbe5ed71"
            ],
            "markers": "sys_platform == 'darwin'",
            "version": "==0.1.0"
        },
        "autopep8": {
            "hashes": [
                "sha256:0f592a0447acea0c2b0a9602be1e4e3d86db52badd2e3c84f0193bfd89fd3a43"
            ],
            "index": "pypi",
            "version": "==1.5"
        },
        "backcall": {
            "hashes": [
                "sha256:38ecd85be2c1e78f77fd91700c76e14667dc21e2713b63876c0eb901196e01e4",
                "sha256:bbbf4b1e5cd2bdb08f915895b51081c041bac22394fdfcfdfbe9f14b77c08bf2"
            ],
            "version": "==0.1.0"
        },
        "check-manifest": {
            "hashes": [
                "sha256:42de6eaab4ed149e60c9b367ada54f01a3b1e4d6846784f9b9710e770ff5572c",
                "sha256:78dd077f2c70dbac7cfcc9d12cbd423914e787ea4b5631de45aecd25b524e8e3"
            ],
            "index": "pypi",
            "version": "==0.40"
        },
        "decorator": {
            "hashes": [
                "sha256:54c38050039232e1db4ad7375cfce6748d7b41c29e95a081c8a6d2c30364a2ce",
                "sha256:5d19b92a3c8f7f101c8dd86afd86b0f061a8ce4540ab8cd401fa2542756bce6d"
            ],
            "version": "==4.4.1"
        },
        "ipython": {
            "hashes": [
                "sha256:d9459e7237e2e5858738ff9c3e26504b79899b58a6d49e574d352493d80684c6",
                "sha256:f6689108b1734501d3b59c84427259fd5ac5141afe2e846cfa8598eb811886c9"
            ],
            "index": "pypi",
            "version": "==7.12.0"
        },
        "ipython-genutils": {
            "hashes": [
                "sha256:72dd37233799e619666c9f639a9da83c34013a73e8bbc79a7a6348d93c61fab8",
                "sha256:eb2e116e75ecef9d4d228fdc66af54269afa26ab4463042e33785b887c628ba8"
            ],
            "version": "==0.2.0"
        },
        "jedi": {
            "hashes": [
                "sha256:b4f4052551025c6b0b0b193b29a6ff7bdb74c52450631206c262aef9f7159ad2",
                "sha256:d5c871cb9360b414f981e7072c52c33258d598305280fef91c6cae34739d65d5"
            ],
            "version": "==0.16.0"
        },
        "parso": {
            "hashes": [
                "sha256:56b2105a80e9c4df49de85e125feb6be69f49920e121406f15e7acde6c9dfc57",
                "sha256:951af01f61e6dccd04159042a0706a31ad437864ec6e25d0d7a96a9fbb9b0095"
            ],
            "version": "==0.6.1"
        },
        "pexpect": {
            "hashes": [
                "sha256:0b48a55dcb3c05f3329815901ea4fc1537514d6ba867a152b581d69ae3710937",
                "sha256:fc65a43959d153d0114afe13997d439c22823a27cefceb5ff35c2178c6784c0c"
            ],
            "markers": "sys_platform != 'win32'",
            "version": "==4.8.0"
        },
        "pickleshare": {
            "hashes": [
                "sha256:87683d47965c1da65cdacaf31c8441d12b8044cdec9aca500cd78fc2c683afca",
                "sha256:9649af414d74d4df115d5d718f82acb59c9d418196b7b4290ed47a12ce62df56"
            ],
            "version": "==0.7.5"
        },
        "prompt-toolkit": {
            "hashes": [
                "sha256:a402e9bf468b63314e37460b68ba68243d55b2f8c4d0192f85a019af3945050e",
                "sha256:c93e53af97f630f12f5f62a3274e79527936ed466f038953dfa379d4941f651a"
            ],
            "version": "==3.0.3"
        },
        "ptyprocess": {
            "hashes": [
                "sha256:923f299cc5ad920c68f2bc0bc98b75b9f838b93b599941a6b63ddbc2476394c0",
                "sha256:d7cc528d76e76342423ca640335bd3633420dc1366f258cb31d05e865ef5ca1f"
            ],
            "version": "==0.6.0"
        },
        "pycodestyle": {
            "hashes": [
                "sha256:95a2219d12372f05704562a14ec30bc76b05a5b297b21a5dfe3f6fac3491ae56",
                "sha256:e40a936c9a450ad81df37f549d676d127b1b66000a6c500caa2b085bc0ca976c"
            ],
            "version": "==2.5.0"
        },
        "pygments": {
            "hashes": [
                "sha256:2a3fe295e54a20164a9df49c75fa58526d3be48e14aceba6d6b1e8ac0bfd6f1b",
                "sha256:98c8aa5a9f778fcd1026a17361ddaf7330d1b7c62ae97c3bb0ae73e0b9b6b0fe"
            ],
            "version": "==2.5.2"
        },
        "six": {
            "hashes": [
                "sha256:236bdbdce46e6e6a3d61a337c0f8b763ca1e8717c03b369e87a7ec7ce1319c0a",
                "sha256:8f3cd2e254d8f793e7f3d6d9df77b92252b52637291d0f0da013c76ea2724b6c"
            ],
            "version": "==1.14.0"
        },
        "toml": {
            "hashes": [
                "sha256:229f81c57791a41d65e399fc06bf0848bab550a9dfd5ed66df18ce5f05e73d5c",
                "sha256:235682dd292d5899d361a811df37e04a8828a5b1da3115886b73cf81ebc9100e"
            ],
            "version": "==0.10.0"
        },
        "traitlets": {
            "hashes": [
                "sha256:70b4c6a1d9019d7b4f6846832288f86998aa3b9207c6821f3578a6a6a467fe44",
                "sha256:d023ee369ddd2763310e4c3eae1ff649689440d4ae59d7485eb4cfbbe3e359f7"
            ],
            "version": "==4.3.3"
        },
        "wcwidth": {
            "hashes": [
                "sha256:8fd29383f539be45b20bd4df0dc29c20ba48654a41e661925e612311e9f3c603",
                "sha256:f28b3e8a6483e5d49e7f8949ac1a78314e740333ae305b4ba5defd3e74fb37a8"
            ],
            "version": "==0.1.8"
        }
    }
}
